// !$*UTF8*$!
{
	archiveVersion = 1;
	classes = {
	};
	objectVersion = 46;
	objects = {

/* Begin PBXBuildFile section */
		1D3623260D0F684500981E51 /* remoteplayv2AppDelegate.m in Sources */ = {isa = PBXBuildFile; fileRef = 1D3623250D0F684500981E51 /* remoteplayv2AppDelegate.m */; };
		1D60589B0D05DD56006BFB54 /* main.m in Sources */ = {isa = PBXBuildFile; fileRef = 29B97316FDCFA39411CA2CEA /* main.m */; };
		1D60589F0D05DD5A006BFB54 /* Foundation.framework in Frameworks */ = {isa = PBXBuildFile; fileRef = 1D30AB110D05D00D00671497 /* Foundation.framework */; };
		1DF5F4E00D08C38300B7A737 /* UIKit.framework in Frameworks */ = {isa = PBXBuildFile; fileRef = 1DF5F4DF0D08C38300B7A737 /* UIKit.framework */; };
		288765A50DF7441C002DB57D /* CoreGraphics.framework in Frameworks */ = {isa = PBXBuildFile; fileRef = 288765A40DF7441C002DB57D /* CoreGraphics.framework */; };
		2899E5220DE3E06400AC0155 /* remoteplayv2ViewController.xib in Resources */ = {isa = PBXBuildFile; fileRef = 2899E5210DE3E06400AC0155 /* remoteplayv2ViewController.xib */; };
		28AD733F0D9D9553002E5188 /* MainWindow.xib in Resources */ = {isa = PBXBuildFile; fileRef = 28AD733E0D9D9553002E5188 /* MainWindow.xib */; };
		28D7ACF80DDB3853001CB0EB /* remoteplayv2ViewController.m in Sources */ = {isa = PBXBuildFile; fileRef = 28D7ACF70DDB3853001CB0EB /* remoteplayv2ViewController.m */; };
		86127D69143351430041071B /* iconkxkm.jpg in Resources */ = {isa = PBXBuildFile; fileRef = 86127D68143351430041071B /* iconkxkm.jpg */; };
		86127DD3143354880041071B /* Settings.bundle in Resources */ = {isa = PBXBuildFile; fileRef = 86127DD2143354880041071B /* Settings.bundle */; };
		86127E4A143357970041071B /* MediaPlayer.framework in Frameworks */ = {isa = PBXBuildFile; fileRef = 86127E49143357970041071B /* MediaPlayer.framework */; };
		86BF8B5A145374850014C3B1 /* iconkxkm.png in Resources */ = {isa = PBXBuildFile; fileRef = 86BF8B59145374850014C3B1 /* iconkxkm.png */; };
		86D68AE314541853009897FD /* remoteplayv2UserViewController.m in Sources */ = {isa = PBXBuildFile; fileRef = 86D68AE114541853009897FD /* remoteplayv2UserViewController.m */; };
		86D68AE414541853009897FD /* remoteplayv2UserViewController.xib in Resources */ = {isa = PBXBuildFile; fileRef = 86D68AE214541853009897FD /* remoteplayv2UserViewController.xib */; };
		86D68AE814542701009897FD /* remoteplayv2TableViewController.m in Sources */ = {isa = PBXBuildFile; fileRef = 86D68AE614542701009897FD /* remoteplayv2TableViewController.m */; };
		86D68AE914542701009897FD /* remoteplayv2TableViewController.xib in Resources */ = {isa = PBXBuildFile; fileRef = 86D68AE714542701009897FD /* remoteplayv2TableViewController.xib */; };
		CE9DA3091488F872005357EC /* AVFoundation.framework in Frameworks */ = {isa = PBXBuildFile; fileRef = CE9DA3081488F872005357EC /* AVFoundation.framework */; };
		CE9F2C7914BDFB4500C55B10 /* CoreMedia.framework in Frameworks */ = {isa = PBXBuildFile; fileRef = CE9F2C7814BDFB4500C55B10 /* CoreMedia.framework */; };
/* End PBXBuildFile section */

/* Begin PBXFileReference section */
		1D30AB110D05D00D00671497 /* Foundation.framework */ = {isa = PBXFileReference; lastKnownFileType = wrapper.framework; name = Foundation.framework; path = System/Library/Frameworks/Foundation.framework; sourceTree = SDKROOT; };
		1D3623240D0F684500981E51 /* remoteplayv2AppDelegate.h */ = {isa = PBXFileReference; fileEncoding = 4; lastKnownFileType = sourcecode.c.h; path = remoteplayv2AppDelegate.h; sourceTree = "<group>"; };
		1D3623250D0F684500981E51 /* remoteplayv2AppDelegate.m */ = {isa = PBXFileReference; fileEncoding = 4; lastKnownFileType = sourcecode.c.objc; path = remoteplayv2AppDelegate.m; sourceTree = "<group>"; };
		1D6058910D05DD3D006BFB54 /* KXKM.app */ = {isa = PBXFileReference; explicitFileType = wrapper.application; includeInIndex = 0; path = KXKM.app; sourceTree = BUILT_PRODUCTS_DIR; };
		1DF5F4DF0D08C38300B7A737 /* UIKit.framework */ = {isa = PBXFileReference; lastKnownFileType = wrapper.framework; name = UIKit.framework; path = System/Library/Frameworks/UIKit.framework; sourceTree = SDKROOT; };
		288765A40DF7441C002DB57D /* CoreGraphics.framework */ = {isa = PBXFileReference; lastKnownFileType = wrapper.framework; name = CoreGraphics.framework; path = System/Library/Frameworks/CoreGraphics.framework; sourceTree = SDKROOT; };
		2899E5210DE3E06400AC0155 /* remoteplayv2ViewController.xib */ = {isa = PBXFileReference; lastKnownFileType = file.xib; path = remoteplayv2ViewController.xib; sourceTree = "<group>"; };
		28AD733E0D9D9553002E5188 /* MainWindow.xib */ = {isa = PBXFileReference; lastKnownFileType = file.xib; path = MainWindow.xib; sourceTree = "<group>"; };
		28D7ACF60DDB3853001CB0EB /* remoteplayv2ViewController.h */ = {isa = PBXFileReference; fileEncoding = 4; lastKnownFileType = sourcecode.c.h; name = remoteplayv2ViewController.h; path = Classes/remoteplayv2ViewController.h; sourceTree = "<group>"; };
		28D7ACF70DDB3853001CB0EB /* remoteplayv2ViewController.m */ = {isa = PBXFileReference; fileEncoding = 4; lastKnownFileType = sourcecode.c.objc; name = remoteplayv2ViewController.m; path = Classes/remoteplayv2ViewController.m; sourceTree = "<group>"; };
		29B97316FDCFA39411CA2CEA /* main.m */ = {isa = PBXFileReference; fileEncoding = 4; lastKnownFileType = sourcecode.c.objc; path = main.m; sourceTree = "<group>"; };
		32CA4F630368D1EE00C91783 /* KXKM_Prefix.pch */ = {isa = PBXFileReference; fileEncoding = 4; lastKnownFileType = sourcecode.c.h; path = KXKM_Prefix.pch; sourceTree = "<group>"; };
		86127D68143351430041071B /* iconkxkm.jpg */ = {isa = PBXFileReference; lastKnownFileType = image.jpeg; path = iconkxkm.jpg; sourceTree = "<group>"; };
		86127DD2143354880041071B /* Settings.bundle */ = {isa = PBXFileReference; lastKnownFileType = "wrapper.plug-in"; path = Settings.bundle; sourceTree = "<group>"; };
		86127E49143357970041071B /* MediaPlayer.framework */ = {isa = PBXFileReference; lastKnownFileType = wrapper.framework; name = MediaPlayer.framework; path = System/Library/Frameworks/MediaPlayer.framework; sourceTree = SDKROOT; };
		86127F45143370C00041071B /* libXcodeDebuggerSupport.dylib */ = {isa = PBXFileReference; lastKnownFileType = "compiled.mach-o.dylib"; name = libXcodeDebuggerSupport.dylib; path = /Developer/Platforms/iPhoneOS.platform/DeviceSupport/4.1/Symbols/Developer/usr/lib/libXcodeDebuggerSupport.dylib; sourceTree = "<absolute>"; };
		86BF8B59145374850014C3B1 /* iconkxkm.png */ = {isa = PBXFileReference; lastKnownFileType = image.png; path = iconkxkm.png; sourceTree = "<group>"; };
		86D68AE014541853009897FD /* remoteplayv2UserViewController.h */ = {isa = PBXFileReference; fileEncoding = 4; lastKnownFileType = sourcecode.c.h; path = remoteplayv2UserViewController.h; sourceTree = "<group>"; };
		86D68AE114541853009897FD /* remoteplayv2UserViewController.m */ = {isa = PBXFileReference; fileEncoding = 4; lastKnownFileType = sourcecode.c.objc; path = remoteplayv2UserViewController.m; sourceTree = "<group>"; };
		86D68AE214541853009897FD /* remoteplayv2UserViewController.xib */ = {isa = PBXFileReference; fileEncoding = 4; lastKnownFileType = file.xib; path = remoteplayv2UserViewController.xib; sourceTree = "<group>"; };
		86D68AE514542700009897FD /* remoteplayv2TableViewController.h */ = {isa = PBXFileReference; fileEncoding = 4; lastKnownFileType = sourcecode.c.h; path = remoteplayv2TableViewController.h; sourceTree = "<group>"; };
		86D68AE614542701009897FD /* remoteplayv2TableViewController.m */ = {isa = PBXFileReference; fileEncoding = 4; lastKnownFileType = sourcecode.c.objc; path = remoteplayv2TableViewController.m; sourceTree = "<group>"; };
		86D68AE714542701009897FD /* remoteplayv2TableViewController.xib */ = {isa = PBXFileReference; fileEncoding = 4; lastKnownFileType = file.xib; path = remoteplayv2TableViewController.xib; sourceTree = "<group>"; };
		8D1107310486CEB800E47090 /* KXKM-Info.plist */ = {isa = PBXFileReference; fileEncoding = 4; lastKnownFileType = text.plist.xml; path = "KXKM-Info.plist"; plistStructureDefinitionIdentifier = "com.apple.xcode.plist.structure-definition.iphone.info-plist"; sourceTree = "<group>"; };
		CE9DA3081488F872005357EC /* AVFoundation.framework */ = {isa = PBXFileReference; lastKnownFileType = wrapper.framework; name = AVFoundation.framework; path = System/Library/Frameworks/AVFoundation.framework; sourceTree = SDKROOT; };
		CE9F2C7814BDFB4500C55B10 /* CoreMedia.framework */ = {isa = PBXFileReference; lastKnownFileType = wrapper.framework; name = CoreMedia.framework; path = System/Library/Frameworks/CoreMedia.framework; sourceTree = SDKROOT; };
/* End PBXFileReference section */

/* Begin PBXFrameworksBuildPhase section */
		1D60588F0D05DD3D006BFB54 /* Frameworks */ = {
			isa = PBXFrameworksBuildPhase;
			buildActionMask = 2147483647;
			files = (
				CE9F2C7914BDFB4500C55B10 /* CoreMedia.framework in Frameworks */,
				CE9DA3091488F872005357EC /* AVFoundation.framework in Frameworks */,
				1D60589F0D05DD5A006BFB54 /* Foundation.framework in Frameworks */,
				1DF5F4E00D08C38300B7A737 /* UIKit.framework in Frameworks */,
				288765A50DF7441C002DB57D /* CoreGraphics.framework in Frameworks */,
				86127E4A143357970041071B /* MediaPlayer.framework in Frameworks */,
			);
			runOnlyForDeploymentPostprocessing = 0;
		};
/* End PBXFrameworksBuildPhase section */

/* Begin PBXGroup section */
		080E96DDFE201D6D7F000001 /* Classes */ = {
			isa = PBXGroup;
			children = (
				1D3623240D0F684500981E51 /* remoteplayv2AppDelegate.h */,
				1D3623250D0F684500981E51 /* remoteplayv2AppDelegate.m */,
			);
			path = Classes;
			sourceTree = "<group>";
		};
		19C28FACFE9D520D11CA2CBB /* Products */ = {
			isa = PBXGroup;
			children = (
				1D6058910D05DD3D006BFB54 /* KXKM.app */,
			);
			name = Products;
			sourceTree = "<group>";
		};
		29B97314FDCFA39411CA2CEA /* CustomTemplate */ = {
			isa = PBXGroup;
			children = (
				080E96DDFE201D6D7F000001 /* Classes */,
				29B97315FDCFA39411CA2CEA /* Other Sources */,
				29B97317FDCFA39411CA2CEA /* Resources */,
				29B97323FDCFA39411CA2CEA /* Frameworks */,
				19C28FACFE9D520D11CA2CBB /* Products */,
				86127F45143370C00041071B /* libXcodeDebuggerSupport.dylib */,
			);
			name = CustomTemplate;
			sourceTree = "<group>";
		};
		29B97315FDCFA39411CA2CEA /* Other Sources */ = {
			isa = PBXGroup;
			children = (
				32CA4F630368D1EE00C91783 /* KXKM_Prefix.pch */,
				29B97316FDCFA39411CA2CEA /* main.m */,
			);
			name = "Other Sources";
			sourceTree = "<group>";
		};
		29B97317FDCFA39411CA2CEA /* Resources */ = {
			isa = PBXGroup;
			children = (
				28AD733E0D9D9553002E5188 /* MainWindow.xib */,
				86D68ADF14541641009897FD /* viewcontrollers */,
				86D68ADE14541631009897FD /* others */,
			);
			name = Resources;
			sourceTree = "<group>";
		};
		29B97323FDCFA39411CA2CEA /* Frameworks */ = {
			isa = PBXGroup;
			children = (
				CE9F2C7814BDFB4500C55B10 /* CoreMedia.framework */,
				CE9DA3081488F872005357EC /* AVFoundation.framework */,
				86127E49143357970041071B /* MediaPlayer.framework */,
				1DF5F4DF0D08C38300B7A737 /* UIKit.framework */,
				1D30AB110D05D00D00671497 /* Foundation.framework */,
				288765A40DF7441C002DB57D /* CoreGraphics.framework */,
			);
			name = Frameworks;
			sourceTree = "<group>";
		};
		86D68ADE14541631009897FD /* others */ = {
			isa = PBXGroup;
			children = (
				86127D68143351430041071B /* iconkxkm.jpg */,
				86BF8B59145374850014C3B1 /* iconkxkm.png */,
				86127DD2143354880041071B /* Settings.bundle */,
				8D1107310486CEB800E47090 /* KXKM-Info.plist */,
			);
			name = others;
			sourceTree = "<group>";
		};
		86D68ADF14541641009897FD /* viewcontrollers */ = {
			isa = PBXGroup;
			children = (
				28D7ACF60DDB3853001CB0EB /* remoteplayv2ViewController.h */,
				28D7ACF70DDB3853001CB0EB /* remoteplayv2ViewController.m */,
				2899E5210DE3E06400AC0155 /* remoteplayv2ViewController.xib */,
				86D68AE014541853009897FD /* remoteplayv2UserViewController.h */,
				86D68AE114541853009897FD /* remoteplayv2UserViewController.m */,
				86D68AE214541853009897FD /* remoteplayv2UserViewController.xib */,
				86D68AE514542700009897FD /* remoteplayv2TableViewController.h */,
				86D68AE614542701009897FD /* remoteplayv2TableViewController.m */,
				86D68AE714542701009897FD /* remoteplayv2TableViewController.xib */,
			);
			name = viewcontrollers;
			sourceTree = "<group>";
		};
/* End PBXGroup section */

/* Begin PBXNativeTarget section */
		1D6058900D05DD3D006BFB54 /* KXKM */ = {
			isa = PBXNativeTarget;
			buildConfigurationList = 1D6058960D05DD3E006BFB54 /* Build configuration list for PBXNativeTarget "KXKM" */;
			buildPhases = (
				1D60588D0D05DD3D006BFB54 /* Resources */,
				1D60588E0D05DD3D006BFB54 /* Sources */,
				1D60588F0D05DD3D006BFB54 /* Frameworks */,
			);
			buildRules = (
			);
			dependencies = (
			);
			name = KXKM;
			productName = remoteplayv2;
			productReference = 1D6058910D05DD3D006BFB54 /* KXKM.app */;
			productType = "com.apple.product-type.application";
		};
/* End PBXNativeTarget section */

/* Begin PBXProject section */
		29B97313FDCFA39411CA2CEA /* Project object */ = {
			isa = PBXProject;
			attributes = {
				LastUpgradeCheck = 0420;
			};
			buildConfigurationList = C01FCF4E08A954540054247B /* Build configuration list for PBXProject "KXKM" */;
			compatibilityVersion = "Xcode 3.2";
			developmentRegion = English;
			hasScannedForEncodings = 1;
			knownRegions = (
				English,
				Japanese,
				French,
				German,
			);
			mainGroup = 29B97314FDCFA39411CA2CEA /* CustomTemplate */;
			projectDirPath = "";
			projectRoot = "";
			targets = (
				1D6058900D05DD3D006BFB54 /* KXKM */,
			);
		};
/* End PBXProject section */

/* Begin PBXResourcesBuildPhase section */
		1D60588D0D05DD3D006BFB54 /* Resources */ = {
			isa = PBXResourcesBuildPhase;
			buildActionMask = 2147483647;
			files = (
				28AD733F0D9D9553002E5188 /* MainWindow.xib in Resources */,
				2899E5220DE3E06400AC0155 /* remoteplayv2ViewController.xib in Resources */,
				86127D69143351430041071B /* iconkxkm.jpg in Resources */,
				86127DD3143354880041071B /* Settings.bundle in Resources */,
				86BF8B5A145374850014C3B1 /* iconkxkm.png in Resources */,
				86D68AE414541853009897FD /* remoteplayv2UserViewController.xib in Resources */,
				86D68AE914542701009897FD /* remoteplayv2TableViewController.xib in Resources */,
			);
			runOnlyForDeploymentPostprocessing = 0;
		};
/* End PBXResourcesBuildPhase section */

/* Begin PBXSourcesBuildPhase section */
		1D60588E0D05DD3D006BFB54 /* Sources */ = {
			isa = PBXSourcesBuildPhase;
			buildActionMask = 2147483647;
			files = (
				1D60589B0D05DD56006BFB54 /* main.m in Sources */,
				1D3623260D0F684500981E51 /* remoteplayv2AppDelegate.m in Sources */,
				28D7ACF80DDB3853001CB0EB /* remoteplayv2ViewController.m in Sources */,
				86D68AE314541853009897FD /* remoteplayv2UserViewController.m in Sources */,
				86D68AE814542701009897FD /* remoteplayv2TableViewController.m in Sources */,
			);
			runOnlyForDeploymentPostprocessing = 0;
		};
/* End PBXSourcesBuildPhase section */

/* Begin XCBuildConfiguration section */
		1D6058940D05DD3E006BFB54 /* Debug */ = {
			isa = XCBuildConfiguration;
			buildSettings = {
				ADDITIONAL_SDKS = "$HOME/Library/SDKs/VVOSC/$(PLATFORM_NAME).sdk $HOME/Library/SDKs/VVBasics/$(PLATFORM_NAME).sdk";
				ALWAYS_SEARCH_USER_PATHS = NO;
				COPY_PHASE_STRIP = NO;
				GCC_DYNAMIC_NO_PIC = NO;
				GCC_OPTIMIZATION_LEVEL = 0;
				GCC_PRECOMPILE_PREFIX_HEADER = YES;
				GCC_PREFIX_HEADER = KXKM_Prefix.pch;
				INFOPLIST_FILE = "KXKM-Info.plist";
				IPHONEOS_DEPLOYMENT_TARGET = 5.0;
				LIBRARY_SEARCH_PATHS = (
					"$(inherited)",
					"\"$(DEVELOPER_DIR)/Platforms/iPhoneOS.platform/DeviceSupport/4.1/Symbols/Developer/usr/lib\"",
				);
				OTHER_LDFLAGS = (
					"-ObjC",
					"-lVVBasics",
					"-lVVOSC",
				);
				PRODUCT_NAME = KXKM;
			};
			name = Debug;
		};
		1D6058950D05DD3E006BFB54 /* Release */ = {
			isa = XCBuildConfiguration;
			buildSettings = {
				ADDITIONAL_SDKS = "$HOME/Library/SDKs/VVOSC/$(PLATFORM_NAME).sdk $HOME/Library/SDKs/VVBasics/$(PLATFORM_NAME).sdk";
				ALWAYS_SEARCH_USER_PATHS = NO;
				COPY_PHASE_STRIP = YES;
				GCC_PRECOMPILE_PREFIX_HEADER = YES;
				GCC_PREFIX_HEADER = KXKM_Prefix.pch;
				INFOPLIST_FILE = "KXKM-Info.plist";
				IPHONEOS_DEPLOYMENT_TARGET = 5.0;
				LIBRARY_SEARCH_PATHS = (
					"$(inherited)",
					"\"$(DEVELOPER_DIR)/Platforms/iPhoneOS.platform/DeviceSupport/4.1/Symbols/Developer/usr/lib\"",
				);
				OTHER_LDFLAGS = (
					"-ObjC",
					"-lVVBasics",
					"-lVVOSC",
				);
				PRODUCT_NAME = KXKM;
				VALIDATE_PRODUCT = YES;
			};
			name = Release;
		};
		C01FCF4F08A954540054247B /* Debug */ = {
			isa = XCBuildConfiguration;
			buildSettings = {
				ARCHS = "$(ARCHS_STANDARD_32_BIT)";
				"CODE_SIGN_IDENTITY[sdk=iphoneos*]" = "iPhone Developer";
				GCC_C_LANGUAGE_STANDARD = c99;
				GCC_WARN_ABOUT_RETURN_TYPE = YES;
				GCC_WARN_UNUSED_VARIABLE = YES;
				IPHONEOS_DEPLOYMENT_TARGET = 5.0;
				SDKROOT = iphoneos;
			};
			name = Debug;
		};
		C01FCF5008A954540054247B /* Release */ = {
			isa = XCBuildConfiguration;
			buildSettings = {
				ARCHS = "$(ARCHS_STANDARD_32_BIT)";
				"CODE_SIGN_IDENTITY[sdk=iphoneos*]" = "iPhone Developer";
				GCC_C_LANGUAGE_STANDARD = c99;
				GCC_WARN_ABOUT_RETURN_TYPE = YES;
				GCC_WARN_UNUSED_VARIABLE = YES;
				IPHONEOS_DEPLOYMENT_TARGET = 5.0;
				OTHER_CFLAGS = "-DNS_BLOCK_ASSERTIONS=1";
				SDKROOT = iphoneos;
			};
			name = Release;
		};
/* End XCBuildConfiguration section */

/* Begin XCConfigurationList section */
		1D6058960D05DD3E006BFB54 /* Build configuration list for PBXNativeTarget "KXKM" */ = {
			isa = XCConfigurationList;
			buildConfigurations = (
				1D6058940D05DD3E006BFB54 /* Debug */,
				1D6058950D05DD3E006BFB54 /* Release */,
			);
			defaultConfigurationIsVisible = 0;
			defaultConfigurationName = Release;
		};
		C01FCF4E08A954540054247B /* Build configuration list for PBXProject "KXKM" */ = {
			isa = XCConfigurationList;
			buildConfigurations = (
				C01FCF4F08A954540054247B /* Debug */,
				C01FCF5008A954540054247B /* Release */,
			);
			defaultConfigurationIsVisible = 0;
			defaultConfigurationName = Release;
		};
/* End XCConfigurationList section */
	};
	rootObject = 29B97313FDCFA39411CA2CEA /* Project object */;
}
