// !$*UTF8*$!
{
	archiveVersion = 1;
	classes = {
	};
	objectVersion = 46;
	objects = {

/* Begin PBXBuildFile section */
		1D3623260D0F684500981E51 /* remoteplayv2AppDelegate.m in Sources */ = {isa = PBXBuildFile; fileRef = 1D3623250D0F684500981E51 /* remoteplayv2AppDelegate.m */; };
		1D60589B0D05DD56006BFB54 /* main.m in Sources */ = {isa = PBXBuildFile; fileRef = 29B97316FDCFA39411CA2CEA /* main.m */; };
		1D60589F0D05DD5A006BFB54 /* Foundation.framework in Frameworks */ = {isa = PBXBuildFile; fileRef = 1D30AB110D05D00D00671497 /* Foundation.framework */; };
		1DF5F4E00D08C38300B7A737 /* UIKit.framework in Frameworks */ = {isa = PBXBuildFile; fileRef = 1DF5F4DF0D08C38300B7A737 /* UIKit.framework */; };
		288765A50DF7441C002DB57D /* CoreGraphics.framework in Frameworks */ = {isa = PBXBuildFile; fileRef = 288765A40DF7441C002DB57D /* CoreGraphics.framework */; };
		2899E5220DE3E06400AC0155 /* remoteplayv2ViewController.xib in Resources */ = {isa = PBXBuildFile; fileRef = 2899E5210DE3E06400AC0155 /* remoteplayv2ViewController.xib */; };
		28AD733F0D9D9553002E5188 /* MainWindow.xib in Resources */ = {isa = PBXBuildFile; fileRef = 28AD733E0D9D9553002E5188 /* MainWindow.xib */; };
		28D7ACF80DDB3853001CB0EB /* remoteplayv2ViewController.m in Sources */ = {isa = PBXBuildFile; fileRef = 28D7ACF70DDB3853001CB0EB /* remoteplayv2ViewController.m */; };
		86127D69143351430041071B /* iconkxkm.jpg in Resources */ = {isa = PBXBuildFile; fileRef = 86127D68143351430041071B /* iconkxkm.jpg */; };
		86127DD3143354880041071B /* Settings.bundle in Resources */ = {isa = PBXBuildFile; fileRef = 86127DD2143354880041071B /* Settings.bundle */; };
		86127E4A143357970041071B /* MediaPlayer.framework in Frameworks */ = {isa = PBXBuildFile; fileRef = 86127E49143357970041071B /* MediaPlayer.framework */; };
		86BF8B5A145374850014C3B1 /* iconkxkm.png in Resources */ = {isa = PBXBuildFile; fileRef = 86BF8B59145374850014C3B1 /* iconkxkm.png */; };
		86D68AE314541853009897FD /* remoteplayv2UserViewController.m in Sources */ = {isa = PBXBuildFile; fileRef = 86D68AE114541853009897FD /* remoteplayv2UserViewController.m */; };
		86D68AE814542701009897FD /* remoteplayv2TableViewController.m in Sources */ = {isa = PBXBuildFile; fileRef = 86D68AE614542701009897FD /* remoteplayv2TableViewController.m */; };
		86D68AE914542701009897FD /* remoteplayv2TableViewController.xib in Resources */ = {isa = PBXBuildFile; fileRef = 86D68AE714542701009897FD /* remoteplayv2TableViewController.xib */; };
		889F515A1CB810380090AF49 /* ASBPlayerSubtitling.m in Sources */ = {isa = PBXBuildFile; fileRef = 889F51591CB810380090AF49 /* ASBPlayerSubtitling.m */; settings = {COMPILER_FLAGS = "-fobjc-arc"; }; };
		88D767711CB80A8B0093A81D /* libVVOSC.a in Frameworks */ = {isa = PBXBuildFile; fileRef = 88D767701CB80A8B0093A81D /* libVVOSC.a */; };
		C64217871CC144C700CBAE4E /* remoteplayv2UserViewController.xib in Resources */ = {isa = PBXBuildFile; fileRef = C64217861CC144C700CBAE4E /* remoteplayv2UserViewController.xib */; };
		C6C3E4BC1B18AD36008EBC53 /* MediaToolbox.framework in Frameworks */ = {isa = PBXBuildFile; fileRef = C6C3E4BB1B18AD36008EBC53 /* MediaToolbox.framework */; };
		C6C3E4BE1B18AD3D008EBC53 /* Accelerate.framework in Frameworks */ = {isa = PBXBuildFile; fileRef = C6C3E4BD1B18AD3D008EBC53 /* Accelerate.framework */; };
		C6E52D2C196D4AF400DDE3F1 /* RecClass.m in Sources */ = {isa = PBXBuildFile; fileRef = C6E52D2B196D4AF400DDE3F1 /* RecClass.m */; };
		CE9A29C314C47D3000003298 /* CFNetwork.framework in Frameworks */ = {isa = PBXBuildFile; fileRef = CE9A29C214C47D3000003298 /* CFNetwork.framework */; };
		CE9DA3091488F872005357EC /* AVFoundation.framework in Frameworks */ = {isa = PBXBuildFile; fileRef = CE9DA3081488F872005357EC /* AVFoundation.framework */; };
		CE9F2C7914BDFB4500C55B10 /* CoreMedia.framework in Frameworks */ = {isa = PBXBuildFile; fileRef = CE9F2C7814BDFB4500C55B10 /* CoreMedia.framework */; };
		CE9F341114E406AC006ABD81 /* RunClass.m in Sources */ = {isa = PBXBuildFile; fileRef = CE9F341014E406AC006ABD81 /* RunClass.m */; };
		CE9F341614E42150006ABD81 /* MovieClass.m in Sources */ = {isa = PBXBuildFile; fileRef = CE9F341514E42150006ABD81 /* MovieClass.m */; };
		CE9F341914E42A42006ABD81 /* FilesClass.m in Sources */ = {isa = PBXBuildFile; fileRef = CE9F341814E42A42006ABD81 /* FilesClass.m */; };
		CE9F341F14E42BC8006ABD81 /* InterfaceClass.m in Sources */ = {isa = PBXBuildFile; fileRef = CE9F341E14E42BC8006ABD81 /* InterfaceClass.m */; };
		CEA99D691513E1FC000EC74D /* QuartzCore.framework in Frameworks */ = {isa = PBXBuildFile; fileRef = CEA99D681513E1FC000EC74D /* QuartzCore.framework */; };
		CEACE5F914EADC9E007BF3AE /* CheckerClass.m in Sources */ = {isa = PBXBuildFile; fileRef = CEACE5F814EADC9E007BF3AE /* CheckerClass.m */; };
		CEC2481D14ED399100F7B2D2 /* Live2Class.m in Sources */ = {isa = PBXBuildFile; fileRef = CEC2481C14ED399100F7B2D2 /* Live2Class.m */; };
		CEC492A614E2C5C30094C710 /* DisplayClass.m in Sources */ = {isa = PBXBuildFile; fileRef = CEC492A514E2C5C30094C710 /* DisplayClass.m */; };
		CEC492AA14E2E39A0094C710 /* ComClass.m in Sources */ = {isa = PBXBuildFile; fileRef = CEC492A914E2E39A0094C710 /* ComClass.m */; };
/* End PBXBuildFile section */

/* Begin PBXFileReference section */
		1D30AB110D05D00D00671497 /* Foundation.framework */ = {isa = PBXFileReference; lastKnownFileType = wrapper.framework; name = Foundation.framework; path = System/Library/Frameworks/Foundation.framework; sourceTree = SDKROOT; };
		1D3623240D0F684500981E51 /* remoteplayv2AppDelegate.h */ = {isa = PBXFileReference; fileEncoding = 4; lastKnownFileType = sourcecode.c.h; path = remoteplayv2AppDelegate.h; sourceTree = "<group>"; };
		1D3623250D0F684500981E51 /* remoteplayv2AppDelegate.m */ = {isa = PBXFileReference; fileEncoding = 4; lastKnownFileType = sourcecode.c.objc; path = remoteplayv2AppDelegate.m; sourceTree = "<group>"; };
		1D6058910D05DD3D006BFB54 /* KXKM.app */ = {isa = PBXFileReference; explicitFileType = wrapper.application; includeInIndex = 0; path = KXKM.app; sourceTree = BUILT_PRODUCTS_DIR; };
		1DF5F4DF0D08C38300B7A737 /* UIKit.framework */ = {isa = PBXFileReference; lastKnownFileType = wrapper.framework; name = UIKit.framework; path = System/Library/Frameworks/UIKit.framework; sourceTree = SDKROOT; };
		288765A40DF7441C002DB57D /* CoreGraphics.framework */ = {isa = PBXFileReference; lastKnownFileType = wrapper.framework; name = CoreGraphics.framework; path = System/Library/Frameworks/CoreGraphics.framework; sourceTree = SDKROOT; };
		2899E5210DE3E06400AC0155 /* remoteplayv2ViewController.xib */ = {isa = PBXFileReference; lastKnownFileType = file.xib; path = remoteplayv2ViewController.xib; sourceTree = "<group>"; };
		28AD733E0D9D9553002E5188 /* MainWindow.xib */ = {isa = PBXFileReference; lastKnownFileType = file.xib; path = MainWindow.xib; sourceTree = "<group>"; };
		28D7ACF60DDB3853001CB0EB /* remoteplayv2ViewController.h */ = {isa = PBXFileReference; fileEncoding = 4; lastKnownFileType = sourcecode.c.h; name = remoteplayv2ViewController.h; path = Classes/remoteplayv2ViewController.h; sourceTree = "<group>"; };
		28D7ACF70DDB3853001CB0EB /* remoteplayv2ViewController.m */ = {isa = PBXFileReference; fileEncoding = 4; lastKnownFileType = sourcecode.c.objc; name = remoteplayv2ViewController.m; path = Classes/remoteplayv2ViewController.m; sourceTree = "<group>"; };
		29B97316FDCFA39411CA2CEA /* main.m */ = {isa = PBXFileReference; fileEncoding = 4; lastKnownFileType = sourcecode.c.objc; path = main.m; sourceTree = "<group>"; };
		32CA4F630368D1EE00C91783 /* KXKM_Prefix.pch */ = {isa = PBXFileReference; fileEncoding = 4; lastKnownFileType = sourcecode.c.h; path = KXKM_Prefix.pch; sourceTree = "<group>"; };
		86127D68143351430041071B /* iconkxkm.jpg */ = {isa = PBXFileReference; lastKnownFileType = image.jpeg; path = iconkxkm.jpg; sourceTree = "<group>"; };
		86127DD2143354880041071B /* Settings.bundle */ = {isa = PBXFileReference; lastKnownFileType = "wrapper.plug-in"; path = Settings.bundle; sourceTree = "<group>"; };
		86127E49143357970041071B /* MediaPlayer.framework */ = {isa = PBXFileReference; lastKnownFileType = wrapper.framework; name = MediaPlayer.framework; path = System/Library/Frameworks/MediaPlayer.framework; sourceTree = SDKROOT; };
		86127F45143370C00041071B /* libXcodeDebuggerSupport.dylib */ = {isa = PBXFileReference; lastKnownFileType = "compiled.mach-o.dylib"; name = libXcodeDebuggerSupport.dylib; path = /Developer/Platforms/iPhoneOS.platform/DeviceSupport/4.1/Symbols/Developer/usr/lib/libXcodeDebuggerSupport.dylib; sourceTree = "<absolute>"; };
		86BF8B59145374850014C3B1 /* iconkxkm.png */ = {isa = PBXFileReference; lastKnownFileType = image.png; path = iconkxkm.png; sourceTree = "<group>"; };
		86D68AE014541853009897FD /* remoteplayv2UserViewController.h */ = {isa = PBXFileReference; fileEncoding = 4; lastKnownFileType = sourcecode.c.h; path = remoteplayv2UserViewController.h; sourceTree = "<group>"; };
		86D68AE114541853009897FD /* remoteplayv2UserViewController.m */ = {isa = PBXFileReference; fileEncoding = 4; lastKnownFileType = sourcecode.c.objc; path = remoteplayv2UserViewController.m; sourceTree = "<group>"; };
		86D68AE514542700009897FD /* remoteplayv2TableViewController.h */ = {isa = PBXFileReference; fileEncoding = 4; lastKnownFileType = sourcecode.c.h; path = remoteplayv2TableViewController.h; sourceTree = "<group>"; };
		86D68AE614542701009897FD /* remoteplayv2TableViewController.m */ = {isa = PBXFileReference; fileEncoding = 4; lastKnownFileType = sourcecode.c.objc; path = remoteplayv2TableViewController.m; sourceTree = "<group>"; };
		86D68AE714542701009897FD /* remoteplayv2TableViewController.xib */ = {isa = PBXFileReference; fileEncoding = 4; lastKnownFileType = file.xib; path = remoteplayv2TableViewController.xib; sourceTree = "<group>"; };
		889F51581CB810380090AF49 /* ASBPlayerSubtitling.h */ = {isa = PBXFileReference; fileEncoding = 4; lastKnownFileType = sourcecode.c.h; path = ASBPlayerSubtitling.h; sourceTree = "<group>"; };
		889F51591CB810380090AF49 /* ASBPlayerSubtitling.m */ = {isa = PBXFileReference; fileEncoding = 4; lastKnownFileType = sourcecode.c.objc; path = ASBPlayerSubtitling.m; sourceTree = "<group>"; };
		88D767571CB80A8B0093A81D /* MutLockArray.h */ = {isa = PBXFileReference; fileEncoding = 4; lastKnownFileType = sourcecode.c.h; path = MutLockArray.h; sourceTree = "<group>"; };
		88D767581CB80A8B0093A81D /* MutLockDict.h */ = {isa = PBXFileReference; fileEncoding = 4; lastKnownFileType = sourcecode.c.h; path = MutLockDict.h; sourceTree = "<group>"; };
		88D767591CB80A8B0093A81D /* MutNRLockArray.h */ = {isa = PBXFileReference; fileEncoding = 4; lastKnownFileType = sourcecode.c.h; path = MutNRLockArray.h; sourceTree = "<group>"; };
		88D7675A1CB80A8B0093A81D /* MutNRLockDict.h */ = {isa = PBXFileReference; fileEncoding = 4; lastKnownFileType = sourcecode.c.h; path = MutNRLockDict.h; sourceTree = "<group>"; };
		88D7675B1CB80A8B0093A81D /* NamedMutLockArray.h */ = {isa = PBXFileReference; fileEncoding = 4; lastKnownFileType = sourcecode.c.h; path = NamedMutLockArray.h; sourceTree = "<group>"; };
		88D7675C1CB80A8B0093A81D /* ObjectHolder.h */ = {isa = PBXFileReference; fileEncoding = 4; lastKnownFileType = sourcecode.c.h; path = ObjectHolder.h; sourceTree = "<group>"; };
		88D7675D1CB80A8B0093A81D /* OSCAddressSpace.h */ = {isa = PBXFileReference; fileEncoding = 4; lastKnownFileType = sourcecode.c.h; path = OSCAddressSpace.h; sourceTree = "<group>"; };
		88D7675E1CB80A8B0093A81D /* OSCBundle.h */ = {isa = PBXFileReference; fileEncoding = 4; lastKnownFileType = sourcecode.c.h; path = OSCBundle.h; sourceTree = "<group>"; };
		88D7675F1CB80A8B0093A81D /* OSCConstants.h */ = {isa = PBXFileReference; fileEncoding = 4; lastKnownFileType = sourcecode.c.h; path = OSCConstants.h; sourceTree = "<group>"; };
		88D767601CB80A8B0093A81D /* OSCInPort.h */ = {isa = PBXFileReference; fileEncoding = 4; lastKnownFileType = sourcecode.c.h; path = OSCInPort.h; sourceTree = "<group>"; };
		88D767611CB80A8B0093A81D /* OSCManager.h */ = {isa = PBXFileReference; fileEncoding = 4; lastKnownFileType = sourcecode.c.h; path = OSCManager.h; sourceTree = "<group>"; };
		88D767621CB80A8B0093A81D /* OSCMessage.h */ = {isa = PBXFileReference; fileEncoding = 4; lastKnownFileType = sourcecode.c.h; path = OSCMessage.h; sourceTree = "<group>"; };
		88D767631CB80A8B0093A81D /* OSCNode.h */ = {isa = PBXFileReference; fileEncoding = 4; lastKnownFileType = sourcecode.c.h; path = OSCNode.h; sourceTree = "<group>"; };
		88D767641CB80A8B0093A81D /* OSCOutPort.h */ = {isa = PBXFileReference; fileEncoding = 4; lastKnownFileType = sourcecode.c.h; path = OSCOutPort.h; sourceTree = "<group>"; };
		88D767651CB80A8B0093A81D /* OSCPacket.h */ = {isa = PBXFileReference; fileEncoding = 4; lastKnownFileType = sourcecode.c.h; path = OSCPacket.h; sourceTree = "<group>"; };
		88D767661CB80A8B0093A81D /* OSCStringAdditions.h */ = {isa = PBXFileReference; fileEncoding = 4; lastKnownFileType = sourcecode.c.h; path = OSCStringAdditions.h; sourceTree = "<group>"; };
		88D767671CB80A8B0093A81D /* OSCValue.h */ = {isa = PBXFileReference; fileEncoding = 4; lastKnownFileType = sourcecode.c.h; path = OSCValue.h; sourceTree = "<group>"; };
		88D767681CB80A8B0093A81D /* OSCZeroConfDomain.h */ = {isa = PBXFileReference; fileEncoding = 4; lastKnownFileType = sourcecode.c.h; path = OSCZeroConfDomain.h; sourceTree = "<group>"; };
		88D767691CB80A8B0093A81D /* OSCZeroConfManager.h */ = {isa = PBXFileReference; fileEncoding = 4; lastKnownFileType = sourcecode.c.h; path = OSCZeroConfManager.h; sourceTree = "<group>"; };
		88D7676A1CB80A8B0093A81D /* VVAssertionHandler.h */ = {isa = PBXFileReference; fileEncoding = 4; lastKnownFileType = sourcecode.c.h; path = VVAssertionHandler.h; sourceTree = "<group>"; };
		88D7676B1CB80A8B0093A81D /* VVBasicMacros.h */ = {isa = PBXFileReference; fileEncoding = 4; lastKnownFileType = sourcecode.c.h; path = VVBasicMacros.h; sourceTree = "<group>"; };
		88D7676C1CB80A8B0093A81D /* VVBasics.h */ = {isa = PBXFileReference; fileEncoding = 4; lastKnownFileType = sourcecode.c.h; path = VVBasics.h; sourceTree = "<group>"; };
		88D7676D1CB80A8B0093A81D /* VVOSC.h */ = {isa = PBXFileReference; fileEncoding = 4; lastKnownFileType = sourcecode.c.h; path = VVOSC.h; sourceTree = "<group>"; };
		88D7676E1CB80A8B0093A81D /* VVStopwatch.h */ = {isa = PBXFileReference; fileEncoding = 4; lastKnownFileType = sourcecode.c.h; path = VVStopwatch.h; sourceTree = "<group>"; };
		88D7676F1CB80A8B0093A81D /* VVThreadLoop.h */ = {isa = PBXFileReference; fileEncoding = 4; lastKnownFileType = sourcecode.c.h; path = VVThreadLoop.h; sourceTree = "<group>"; };
		88D767701CB80A8B0093A81D /* libVVOSC.a */ = {isa = PBXFileReference; lastKnownFileType = archive.ar; path = libVVOSC.a; sourceTree = "<group>"; };
		8D1107310486CEB800E47090 /* KXKM-Info.plist */ = {isa = PBXFileReference; fileEncoding = 4; lastKnownFileType = text.plist.xml; path = "KXKM-Info.plist"; plistStructureDefinitionIdentifier = "com.apple.xcode.plist.structure-definition.iphone.info-plist"; sourceTree = "<group>"; };
		C64217861CC144C700CBAE4E /* remoteplayv2UserViewController.xib */ = {isa = PBXFileReference; fileEncoding = 4; lastKnownFileType = file.xib; path = remoteplayv2UserViewController.xib; sourceTree = "<group>"; };
		C6C3E4BB1B18AD36008EBC53 /* MediaToolbox.framework */ = {isa = PBXFileReference; lastKnownFileType = wrapper.framework; name = MediaToolbox.framework; path = System/Library/Frameworks/MediaToolbox.framework; sourceTree = SDKROOT; };
		C6C3E4BD1B18AD3D008EBC53 /* Accelerate.framework */ = {isa = PBXFileReference; lastKnownFileType = wrapper.framework; name = Accelerate.framework; path = System/Library/Frameworks/Accelerate.framework; sourceTree = SDKROOT; };
		C6E52D2A196D4AF400DDE3F1 /* RecClass.h */ = {isa = PBXFileReference; fileEncoding = 4; lastKnownFileType = sourcecode.c.h; path = RecClass.h; sourceTree = "<group>"; };
		C6E52D2B196D4AF400DDE3F1 /* RecClass.m */ = {isa = PBXFileReference; fileEncoding = 4; lastKnownFileType = sourcecode.c.objc; path = RecClass.m; sourceTree = "<group>"; };
		CE9A29C214C47D3000003298 /* CFNetwork.framework */ = {isa = PBXFileReference; lastKnownFileType = wrapper.framework; name = CFNetwork.framework; path = System/Library/Frameworks/CFNetwork.framework; sourceTree = SDKROOT; };
		CE9DA3081488F872005357EC /* AVFoundation.framework */ = {isa = PBXFileReference; lastKnownFileType = wrapper.framework; name = AVFoundation.framework; path = System/Library/Frameworks/AVFoundation.framework; sourceTree = SDKROOT; };
		CE9F2C7814BDFB4500C55B10 /* CoreMedia.framework */ = {isa = PBXFileReference; lastKnownFileType = wrapper.framework; name = CoreMedia.framework; path = System/Library/Frameworks/CoreMedia.framework; sourceTree = SDKROOT; };
		CE9F340F14E406AC006ABD81 /* RunClass.h */ = {isa = PBXFileReference; fileEncoding = 4; lastKnownFileType = sourcecode.c.h; path = RunClass.h; sourceTree = "<group>"; };
		CE9F341014E406AC006ABD81 /* RunClass.m */ = {isa = PBXFileReference; fileEncoding = 4; lastKnownFileType = sourcecode.c.objc; path = RunClass.m; sourceTree = "<group>"; };
		CE9F341314E40982006ABD81 /* ConfigConst.h */ = {isa = PBXFileReference; fileEncoding = 4; lastKnownFileType = sourcecode.c.h; path = ConfigConst.h; sourceTree = "<group>"; };
		CE9F341414E42150006ABD81 /* MovieClass.h */ = {isa = PBXFileReference; fileEncoding = 4; lastKnownFileType = sourcecode.c.h; path = MovieClass.h; sourceTree = "<group>"; };
		CE9F341514E42150006ABD81 /* MovieClass.m */ = {isa = PBXFileReference; fileEncoding = 4; lastKnownFileType = sourcecode.c.objc; path = MovieClass.m; sourceTree = "<group>"; };
		CE9F341714E42A42006ABD81 /* FilesClass.h */ = {isa = PBXFileReference; fileEncoding = 4; lastKnownFileType = sourcecode.c.h; path = FilesClass.h; sourceTree = "<group>"; };
		CE9F341814E42A42006ABD81 /* FilesClass.m */ = {isa = PBXFileReference; fileEncoding = 4; lastKnownFileType = sourcecode.c.objc; path = FilesClass.m; sourceTree = "<group>"; };
		CE9F341D14E42BC7006ABD81 /* InterfaceClass.h */ = {isa = PBXFileReference; fileEncoding = 4; lastKnownFileType = sourcecode.c.h; path = InterfaceClass.h; sourceTree = "<group>"; };
		CE9F341E14E42BC8006ABD81 /* InterfaceClass.m */ = {isa = PBXFileReference; fileEncoding = 4; lastKnownFileType = sourcecode.c.objc; path = InterfaceClass.m; sourceTree = "<group>"; };
		CEA99D681513E1FC000EC74D /* QuartzCore.framework */ = {isa = PBXFileReference; lastKnownFileType = wrapper.framework; name = QuartzCore.framework; path = System/Library/Frameworks/QuartzCore.framework; sourceTree = SDKROOT; };
		CEACE5F714EADC9E007BF3AE /* CheckerClass.h */ = {isa = PBXFileReference; fileEncoding = 4; lastKnownFileType = sourcecode.c.h; path = CheckerClass.h; sourceTree = "<group>"; };
		CEACE5F814EADC9E007BF3AE /* CheckerClass.m */ = {isa = PBXFileReference; fileEncoding = 4; lastKnownFileType = sourcecode.c.objc; path = CheckerClass.m; sourceTree = "<group>"; };
		CEC2481B14ED399100F7B2D2 /* Live2Class.h */ = {isa = PBXFileReference; fileEncoding = 4; lastKnownFileType = sourcecode.c.h; path = Live2Class.h; sourceTree = "<group>"; };
		CEC2481C14ED399100F7B2D2 /* Live2Class.m */ = {isa = PBXFileReference; fileEncoding = 4; lastKnownFileType = sourcecode.c.objc; path = Live2Class.m; sourceTree = "<group>"; };
		CEC492A414E2C5C30094C710 /* DisplayClass.h */ = {isa = PBXFileReference; fileEncoding = 4; lastKnownFileType = sourcecode.c.h; path = DisplayClass.h; sourceTree = "<group>"; };
		CEC492A514E2C5C30094C710 /* DisplayClass.m */ = {isa = PBXFileReference; fileEncoding = 4; lastKnownFileType = sourcecode.c.objc; path = DisplayClass.m; sourceTree = "<group>"; };
		CEC492A814E2E39A0094C710 /* ComClass.h */ = {isa = PBXFileReference; fileEncoding = 4; lastKnownFileType = sourcecode.c.h; path = ComClass.h; sourceTree = "<group>"; };
		CEC492A914E2E39A0094C710 /* ComClass.m */ = {isa = PBXFileReference; fileEncoding = 4; lastKnownFileType = sourcecode.c.objc; path = ComClass.m; sourceTree = "<group>"; };
/* End PBXFileReference section */

/* Begin PBXFrameworksBuildPhase section */
		1D60588F0D05DD3D006BFB54 /* Frameworks */ = {
			isa = PBXFrameworksBuildPhase;
			buildActionMask = 2147483647;
			files = (
				88D767711CB80A8B0093A81D /* libVVOSC.a in Frameworks */,
				C6C3E4BE1B18AD3D008EBC53 /* Accelerate.framework in Frameworks */,
				C6C3E4BC1B18AD36008EBC53 /* MediaToolbox.framework in Frameworks */,
				CEA99D691513E1FC000EC74D /* QuartzCore.framework in Frameworks */,
				CE9A29C314C47D3000003298 /* CFNetwork.framework in Frameworks */,
				CE9F2C7914BDFB4500C55B10 /* CoreMedia.framework in Frameworks */,
				CE9DA3091488F872005357EC /* AVFoundation.framework in Frameworks */,
				1D60589F0D05DD5A006BFB54 /* Foundation.framework in Frameworks */,
				1DF5F4E00D08C38300B7A737 /* UIKit.framework in Frameworks */,
				288765A50DF7441C002DB57D /* CoreGraphics.framework in Frameworks */,
				86127E4A143357970041071B /* MediaPlayer.framework in Frameworks */,
			);
			runOnlyForDeploymentPostprocessing = 0;
		};
/* End PBXFrameworksBuildPhase section */

/* Begin PBXGroup section */
		080E96DDFE201D6D7F000001 /* Classes */ = {
			isa = PBXGroup;
			children = (
				C6E52D28196D4ACD00DDE3F1 /* Rec */,
				CE9F342014E42C8D006ABD81 /* Com */,
				CE9F342214E42CA8006ABD81 /* Run */,
				CEAE136A14EBD5C100F6F07A /* Checker */,
				CE9F342614E42CE1006ABD81 /* Interface */,
				CE9F342514E42CD2006ABD81 /* Files */,
				CE9F342414E42CC6006ABD81 /* Live */,
				CE9F342314E42CB7006ABD81 /* Movie */,
				CE9F342114E42C9B006ABD81 /* Display */,
				1D3623240D0F684500981E51 /* remoteplayv2AppDelegate.h */,
				1D3623250D0F684500981E51 /* remoteplayv2AppDelegate.m */,
				CE9F341314E40982006ABD81 /* ConfigConst.h */,
			);
			path = Classes;
			sourceTree = "<group>";
		};
		19C28FACFE9D520D11CA2CBB /* Products */ = {
			isa = PBXGroup;
			children = (
				1D6058910D05DD3D006BFB54 /* KXKM.app */,
			);
			name = Products;
			sourceTree = "<group>";
		};
		29B97314FDCFA39411CA2CEA /* CustomTemplate */ = {
			isa = PBXGroup;
			children = (
				889F51571CB810150090AF49 /* ASBSubtitling */,
				88D767721CB80A910093A81D /* VVOSC */,
				080E96DDFE201D6D7F000001 /* Classes */,
				29B97315FDCFA39411CA2CEA /* Other Sources */,
				29B97317FDCFA39411CA2CEA /* Resources */,
				29B97323FDCFA39411CA2CEA /* Frameworks */,
				19C28FACFE9D520D11CA2CBB /* Products */,
				86127F45143370C00041071B /* libXcodeDebuggerSupport.dylib */,
			);
			name = CustomTemplate;
			sourceTree = "<group>";
		};
		29B97315FDCFA39411CA2CEA /* Other Sources */ = {
			isa = PBXGroup;
			children = (
				32CA4F630368D1EE00C91783 /* KXKM_Prefix.pch */,
				29B97316FDCFA39411CA2CEA /* main.m */,
			);
			name = "Other Sources";
			sourceTree = "<group>";
		};
		29B97317FDCFA39411CA2CEA /* Resources */ = {
			isa = PBXGroup;
			children = (
				28AD733E0D9D9553002E5188 /* MainWindow.xib */,
				86D68ADF14541641009897FD /* viewcontrollers */,
				86D68ADE14541631009897FD /* others */,
			);
			name = Resources;
			sourceTree = "<group>";
		};
		29B97323FDCFA39411CA2CEA /* Frameworks */ = {
			isa = PBXGroup;
			children = (
				C6C3E4BD1B18AD3D008EBC53 /* Accelerate.framework */,
				C6C3E4BB1B18AD36008EBC53 /* MediaToolbox.framework */,
				CEA99D681513E1FC000EC74D /* QuartzCore.framework */,
				CE9A29C214C47D3000003298 /* CFNetwork.framework */,
				CE9F2C7814BDFB4500C55B10 /* CoreMedia.framework */,
				CE9DA3081488F872005357EC /* AVFoundation.framework */,
				86127E49143357970041071B /* MediaPlayer.framework */,
				1DF5F4DF0D08C38300B7A737 /* UIKit.framework */,
				1D30AB110D05D00D00671497 /* Foundation.framework */,
				288765A40DF7441C002DB57D /* CoreGraphics.framework */,
			);
			name = Frameworks;
			sourceTree = "<group>";
		};
		86D68ADE14541631009897FD /* others */ = {
			isa = PBXGroup;
			children = (
				86127D68143351430041071B /* iconkxkm.jpg */,
				86BF8B59145374850014C3B1 /* iconkxkm.png */,
				86127DD2143354880041071B /* Settings.bundle */,
				8D1107310486CEB800E47090 /* KXKM-Info.plist */,
			);
			name = others;
			sourceTree = "<group>";
		};
		86D68ADF14541641009897FD /* viewcontrollers */ = {
			isa = PBXGroup;
			children = (
				28D7ACF60DDB3853001CB0EB /* remoteplayv2ViewController.h */,
				28D7ACF70DDB3853001CB0EB /* remoteplayv2ViewController.m */,
				2899E5210DE3E06400AC0155 /* remoteplayv2ViewController.xib */,
				86D68AE014541853009897FD /* remoteplayv2UserViewController.h */,
				86D68AE114541853009897FD /* remoteplayv2UserViewController.m */,
				C64217861CC144C700CBAE4E /* remoteplayv2UserViewController.xib */,
				86D68AE514542700009897FD /* remoteplayv2TableViewController.h */,
				86D68AE614542701009897FD /* remoteplayv2TableViewController.m */,
				86D68AE714542701009897FD /* remoteplayv2TableViewController.xib */,
			);
			name = viewcontrollers;
			sourceTree = "<group>";
		};
		889F51571CB810150090AF49 /* ASBSubtitling */ = {
			isa = PBXGroup;
			children = (
				889F51581CB810380090AF49 /* ASBPlayerSubtitling.h */,
				889F51591CB810380090AF49 /* ASBPlayerSubtitling.m */,
			);
			name = ASBSubtitling;
			sourceTree = "<group>";
		};
		88D767561CB80A8B0093A81D /* include */ = {
			isa = PBXGroup;
			children = (
				88D767571CB80A8B0093A81D /* MutLockArray.h */,
				88D767581CB80A8B0093A81D /* MutLockDict.h */,
				88D767591CB80A8B0093A81D /* MutNRLockArray.h */,
				88D7675A1CB80A8B0093A81D /* MutNRLockDict.h */,
				88D7675B1CB80A8B0093A81D /* NamedMutLockArray.h */,
				88D7675C1CB80A8B0093A81D /* ObjectHolder.h */,
				88D7675D1CB80A8B0093A81D /* OSCAddressSpace.h */,
				88D7675E1CB80A8B0093A81D /* OSCBundle.h */,
				88D7675F1CB80A8B0093A81D /* OSCConstants.h */,
				88D767601CB80A8B0093A81D /* OSCInPort.h */,
				88D767611CB80A8B0093A81D /* OSCManager.h */,
				88D767621CB80A8B0093A81D /* OSCMessage.h */,
				88D767631CB80A8B0093A81D /* OSCNode.h */,
				88D767641CB80A8B0093A81D /* OSCOutPort.h */,
				88D767651CB80A8B0093A81D /* OSCPacket.h */,
				88D767661CB80A8B0093A81D /* OSCStringAdditions.h */,
				88D767671CB80A8B0093A81D /* OSCValue.h */,
				88D767681CB80A8B0093A81D /* OSCZeroConfDomain.h */,
				88D767691CB80A8B0093A81D /* OSCZeroConfManager.h */,
				88D7676A1CB80A8B0093A81D /* VVAssertionHandler.h */,
				88D7676B1CB80A8B0093A81D /* VVBasicMacros.h */,
				88D7676C1CB80A8B0093A81D /* VVBasics.h */,
				88D7676D1CB80A8B0093A81D /* VVOSC.h */,
				88D7676E1CB80A8B0093A81D /* VVStopwatch.h */,
				88D7676F1CB80A8B0093A81D /* VVThreadLoop.h */,
			);
			path = include;
			sourceTree = "<group>";
		};
		88D767721CB80A910093A81D /* VVOSC */ = {
			isa = PBXGroup;
			children = (
				88D767561CB80A8B0093A81D /* include */,
				88D767701CB80A8B0093A81D /* libVVOSC.a */,
			);
			name = VVOSC;
			sourceTree = "<group>";
		};
		C6E52D28196D4ACD00DDE3F1 /* Rec */ = {
			isa = PBXGroup;
			children = (
				C6E52D2A196D4AF400DDE3F1 /* RecClass.h */,
				C6E52D2B196D4AF400DDE3F1 /* RecClass.m */,
			);
			name = Rec;
			sourceTree = "<group>";
		};
		CE9F342014E42C8D006ABD81 /* Com */ = {
			isa = PBXGroup;
			children = (
				CEC492A814E2E39A0094C710 /* ComClass.h */,
				CEC492A914E2E39A0094C710 /* ComClass.m */,
			);
			name = Com;
			sourceTree = "<group>";
		};
		CE9F342114E42C9B006ABD81 /* Display */ = {
			isa = PBXGroup;
			children = (
				CEC492A414E2C5C30094C710 /* DisplayClass.h */,
				CEC492A514E2C5C30094C710 /* DisplayClass.m */,
			);
			name = Display;
			sourceTree = "<group>";
		};
		CE9F342214E42CA8006ABD81 /* Run */ = {
			isa = PBXGroup;
			children = (
				CE9F340F14E406AC006ABD81 /* RunClass.h */,
				CE9F341014E406AC006ABD81 /* RunClass.m */,
			);
			name = Run;
			sourceTree = "<group>";
		};
		CE9F342314E42CB7006ABD81 /* Movie */ = {
			isa = PBXGroup;
			children = (
				CE9F341414E42150006ABD81 /* MovieClass.h */,
				CE9F341514E42150006ABD81 /* MovieClass.m */,
			);
			name = Movie;
			sourceTree = "<group>";
		};
		CE9F342414E42CC6006ABD81 /* Live */ = {
			isa = PBXGroup;
			children = (
				CEC2481B14ED399100F7B2D2 /* Live2Class.h */,
				CEC2481C14ED399100F7B2D2 /* Live2Class.m */,
			);
			name = Live;
			sourceTree = "<group>";
		};
		CE9F342514E42CD2006ABD81 /* Files */ = {
			isa = PBXGroup;
			children = (
				CE9F341714E42A42006ABD81 /* FilesClass.h */,
				CE9F341814E42A42006ABD81 /* FilesClass.m */,
			);
			name = Files;
			sourceTree = "<group>";
		};
		CE9F342614E42CE1006ABD81 /* Interface */ = {
			isa = PBXGroup;
			children = (
				CE9F341D14E42BC7006ABD81 /* InterfaceClass.h */,
				CE9F341E14E42BC8006ABD81 /* InterfaceClass.m */,
			);
			name = Interface;
			sourceTree = "<group>";
		};
		CEAE136A14EBD5C100F6F07A /* Checker */ = {
			isa = PBXGroup;
			children = (
				CEACE5F714EADC9E007BF3AE /* CheckerClass.h */,
				CEACE5F814EADC9E007BF3AE /* CheckerClass.m */,
			);
			name = Checker;
			sourceTree = "<group>";
		};
/* End PBXGroup section */

/* Begin PBXNativeTarget section */
		1D6058900D05DD3D006BFB54 /* KXKM */ = {
			isa = PBXNativeTarget;
			buildConfigurationList = 1D6058960D05DD3E006BFB54 /* Build configuration list for PBXNativeTarget "KXKM" */;
			buildPhases = (
				1D60588D0D05DD3D006BFB54 /* Resources */,
				1D60588E0D05DD3D006BFB54 /* Sources */,
				1D60588F0D05DD3D006BFB54 /* Frameworks */,
			);
			buildRules = (
			);
			dependencies = (
			);
			name = KXKM;
			productName = remoteplayv2;
			productReference = 1D6058910D05DD3D006BFB54 /* KXKM.app */;
			productType = "com.apple.product-type.application";
		};
/* End PBXNativeTarget section */

/* Begin PBXProject section */
		29B97313FDCFA39411CA2CEA /* Project object */ = {
			isa = PBXProject;
			attributes = {
				LastUpgradeCheck = 0420;
				TargetAttributes = {
					1D6058900D05DD3D006BFB54 = {
						DevelopmentTeam = GY4V59X9ZS;
					};
				};
			};
			buildConfigurationList = C01FCF4E08A954540054247B /* Build configuration list for PBXProject "KXKM" */;
			compatibilityVersion = "Xcode 3.2";
			developmentRegion = English;
			hasScannedForEncodings = 1;
			knownRegions = (
				English,
				Japanese,
				French,
				German,
			);
			mainGroup = 29B97314FDCFA39411CA2CEA /* CustomTemplate */;
			projectDirPath = "";
			projectRoot = "";
			targets = (
				1D6058900D05DD3D006BFB54 /* KXKM */,
			);
		};
/* End PBXProject section */

/* Begin PBXResourcesBuildPhase section */
		1D60588D0D05DD3D006BFB54 /* Resources */ = {
			isa = PBXResourcesBuildPhase;
			buildActionMask = 2147483647;
			files = (
				28AD733F0D9D9553002E5188 /* MainWindow.xib in Resources */,
				C64217871CC144C700CBAE4E /* remoteplayv2UserViewController.xib in Resources */,
				2899E5220DE3E06400AC0155 /* remoteplayv2ViewController.xib in Resources */,
				86127D69143351430041071B /* iconkxkm.jpg in Resources */,
				86127DD3143354880041071B /* Settings.bundle in Resources */,
				86BF8B5A145374850014C3B1 /* iconkxkm.png in Resources */,
				86D68AE914542701009897FD /* remoteplayv2TableViewController.xib in Resources */,
			);
			runOnlyForDeploymentPostprocessing = 0;
		};
/* End PBXResourcesBuildPhase section */

/* Begin PBXSourcesBuildPhase section */
		1D60588E0D05DD3D006BFB54 /* Sources */ = {
			isa = PBXSourcesBuildPhase;
			buildActionMask = 2147483647;
			files = (
				889F515A1CB810380090AF49 /* ASBPlayerSubtitling.m in Sources */,
				1D60589B0D05DD56006BFB54 /* main.m in Sources */,
				1D3623260D0F684500981E51 /* remoteplayv2AppDelegate.m in Sources */,
				28D7ACF80DDB3853001CB0EB /* remoteplayv2ViewController.m in Sources */,
				86D68AE314541853009897FD /* remoteplayv2UserViewController.m in Sources */,
				86D68AE814542701009897FD /* remoteplayv2TableViewController.m in Sources */,
				CEC492A614E2C5C30094C710 /* DisplayClass.m in Sources */,
				CEC492AA14E2E39A0094C710 /* ComClass.m in Sources */,
				CE9F341114E406AC006ABD81 /* RunClass.m in Sources */,
				CE9F341614E42150006ABD81 /* MovieClass.m in Sources */,
				CE9F341914E42A42006ABD81 /* FilesClass.m in Sources */,
				CE9F341F14E42BC8006ABD81 /* InterfaceClass.m in Sources */,
				CEACE5F914EADC9E007BF3AE /* CheckerClass.m in Sources */,
				CEC2481D14ED399100F7B2D2 /* Live2Class.m in Sources */,
				C6E52D2C196D4AF400DDE3F1 /* RecClass.m in Sources */,
			);
			runOnlyForDeploymentPostprocessing = 0;
		};
/* End PBXSourcesBuildPhase section */

/* Begin XCBuildConfiguration section */
		1D6058940D05DD3E006BFB54 /* Debug */ = {
			isa = XCBuildConfiguration;
			buildSettings = {
				ADDITIONAL_SDKS = "";
				ALWAYS_SEARCH_USER_PATHS = NO;
				CODE_SIGN_IDENTITY = "iPhone Developer";
				COPY_PHASE_STRIP = NO;
				GCC_DYNAMIC_NO_PIC = NO;
				GCC_OPTIMIZATION_LEVEL = 0;
				GCC_PRECOMPILE_PREFIX_HEADER = YES;
				GCC_PREFIX_HEADER = KXKM_Prefix.pch;
				INFOPLIST_FILE = "KXKM-Info.plist";
				IPHONEOS_DEPLOYMENT_TARGET = 6.0;
				LIBRARY_SEARCH_PATHS = (
					"$(inherited)",
					"$(PROJECT_DIR)",
					"/Users/mgr/Desktop/KXKM-remoteplayer",
				);
				OTHER_LDFLAGS = (
					"-ObjC",
					"-all_load",
				);
				PRODUCT_NAME = KXKM;
			};
			name = Debug;
		};
		1D6058950D05DD3E006BFB54 /* Release */ = {
			isa = XCBuildConfiguration;
			buildSettings = {
				ADDITIONAL_SDKS = "";
				ALWAYS_SEARCH_USER_PATHS = NO;
				CODE_SIGN_IDENTITY = "iPhone Developer";
				COPY_PHASE_STRIP = YES;
				GCC_PRECOMPILE_PREFIX_HEADER = YES;
				GCC_PREFIX_HEADER = KXKM_Prefix.pch;
				INFOPLIST_FILE = "KXKM-Info.plist";
				IPHONEOS_DEPLOYMENT_TARGET = 6.0;
				LIBRARY_SEARCH_PATHS = (
					"$(inherited)",
					"$(PROJECT_DIR)",
					"/Users/mgr/Desktop/KXKM-remoteplayer",
				);
				OTHER_LDFLAGS = (
					"-ObjC",
					"-all_load",
				);
				PRODUCT_NAME = KXKM;
				VALIDATE_PRODUCT = YES;
			};
			name = Release;
		};
		C01FCF4F08A954540054247B /* Debug */ = {
			isa = XCBuildConfiguration;
			buildSettings = {
				ARCHS = "$(ARCHS_STANDARD_32_BIT)";
				"CODE_SIGN_IDENTITY[sdk=iphoneos*]" = "iPhone Developer";
				GCC_C_LANGUAGE_STANDARD = c99;
				GCC_WARN_ABOUT_RETURN_TYPE = YES;
				GCC_WARN_UNUSED_VARIABLE = YES;
				IPHONEOS_DEPLOYMENT_TARGET = 5.0;
				SDKROOT = iphoneos;
			};
			name = Debug;
		};
		C01FCF5008A954540054247B /* Release */ = {
			isa = XCBuildConfiguration;
			buildSettings = {
				ARCHS = "$(ARCHS_STANDARD_32_BIT)";
				"CODE_SIGN_IDENTITY[sdk=iphoneos*]" = "iPhone Developer";
				GCC_C_LANGUAGE_STANDARD = c99;
				GCC_WARN_ABOUT_RETURN_TYPE = YES;
				GCC_WARN_UNUSED_VARIABLE = YES;
				IPHONEOS_DEPLOYMENT_TARGET = 5.0;
				OTHER_CFLAGS = "-DNS_BLOCK_ASSERTIONS=1";
				SDKROOT = iphoneos;
			};
			name = Release;
		};
/* End XCBuildConfiguration section */

/* Begin XCConfigurationList section */
		1D6058960D05DD3E006BFB54 /* Build configuration list for PBXNativeTarget "KXKM" */ = {
			isa = XCConfigurationList;
			buildConfigurations = (
				1D6058940D05DD3E006BFB54 /* Debug */,
				1D6058950D05DD3E006BFB54 /* Release */,
			);
			defaultConfigurationIsVisible = 0;
			defaultConfigurationName = Release;
		};
		C01FCF4E08A954540054247B /* Build configuration list for PBXProject "KXKM" */ = {
			isa = XCConfigurationList;
			buildConfigurations = (
				C01FCF4F08A954540054247B /* Debug */,
				C01FCF5008A954540054247B /* Release */,
			);
			defaultConfigurationIsVisible = 0;
			defaultConfigurationName = Release;
		};
/* End XCConfigurationList section */
	};
	rootObject = 29B97313FDCFA39411CA2CEA /* Project object */;
}
